// !$*UTF8*$!
{
	archiveVersion = 1;
	classes = {
	};
	objectVersion = 56;
	objects = {

/* Begin PBXBuildFile section */
		26543B702B76F68E00BC7E7A /* RealityKitContent in Frameworks */ = {isa = PBXBuildFile; productRef = 26543B6F2B76F68E00BC7E7A /* RealityKitContent */; };
		26543B722B76F68E00BC7E7A /* StyleSphereApp.swift in Sources */ = {isa = PBXBuildFile; fileRef = 26543B712B76F68E00BC7E7A /* StyleSphereApp.swift */; };
		26543B742B76F68E00BC7E7A /* ContentView.swift in Sources */ = {isa = PBXBuildFile; fileRef = 26543B732B76F68E00BC7E7A /* ContentView.swift */; };
		26543B762B76F68E00BC7E7A /* ImmersiveView.swift in Sources */ = {isa = PBXBuildFile; fileRef = 26543B752B76F68E00BC7E7A /* ImmersiveView.swift */; };
		26543B782B76F68F00BC7E7A /* Assets.xcassets in Resources */ = {isa = PBXBuildFile; fileRef = 26543B772B76F68F00BC7E7A /* Assets.xcassets */; };
		26543B7B2B76F68F00BC7E7A /* Preview Assets.xcassets in Resources */ = {isa = PBXBuildFile; fileRef = 26543B7A2B76F68F00BC7E7A /* Preview Assets.xcassets */; };
		26543B862B76F68F00BC7E7A /* StyleSphereTests.swift in Sources */ = {isa = PBXBuildFile; fileRef = 26543B852B76F68F00BC7E7A /* StyleSphereTests.swift */; };
/* End PBXBuildFile section */

/* Begin PBXContainerItemProxy section */
		26543B822B76F68F00BC7E7A /* PBXContainerItemProxy */ = {
			isa = PBXContainerItemProxy;
			containerPortal = 26543B622B76F68E00BC7E7A /* Project object */;
			proxyType = 1;
			remoteGlobalIDString = 26543B692B76F68E00BC7E7A;
			remoteInfo = StyleSphere;
		};
/* End PBXContainerItemProxy section */

/* Begin PBXFileReference section */
		26543B6A2B76F68E00BC7E7A /* StyleSphere.app */ = {isa = PBXFileReference; explicitFileType = wrapper.application; includeInIndex = 0; path = StyleSphere.app; sourceTree = BUILT_PRODUCTS_DIR; };
		26543B6E2B76F68E00BC7E7A /* RealityKitContent */ = {isa = PBXFileReference; lastKnownFileType = wrapper; path = RealityKitContent; sourceTree = "<group>"; };
		26543B712B76F68E00BC7E7A /* StyleSphereApp.swift */ = {isa = PBXFileReference; lastKnownFileType = sourcecode.swift; path = StyleSphereApp.swift; sourceTree = "<group>"; };
		26543B732B76F68E00BC7E7A /* ContentView.swift */ = {isa = PBXFileReference; lastKnownFileType = sourcecode.swift; path = ContentView.swift; sourceTree = "<group>"; };
		26543B752B76F68E00BC7E7A /* ImmersiveView.swift */ = {isa = PBXFileReference; lastKnownFileType = sourcecode.swift; path = ImmersiveView.swift; sourceTree = "<group>"; };
		26543B772B76F68F00BC7E7A /* Assets.xcassets */ = {isa = PBXFileReference; lastKnownFileType = folder.assetcatalog; path = Assets.xcassets; sourceTree = "<group>"; };
		26543B7A2B76F68F00BC7E7A /* Preview Assets.xcassets */ = {isa = PBXFileReference; lastKnownFileType = folder.assetcatalog; path = "Preview Assets.xcassets"; sourceTree = "<group>"; };
		26543B7C2B76F68F00BC7E7A /* Info.plist */ = {isa = PBXFileReference; lastKnownFileType = text.plist.xml; path = Info.plist; sourceTree = "<group>"; };
		26543B812B76F68F00BC7E7A /* StyleSphereTests.xctest */ = {isa = PBXFileReference; explicitFileType = wrapper.cfbundle; includeInIndex = 0; path = StyleSphereTests.xctest; sourceTree = BUILT_PRODUCTS_DIR; };
		26543B852B76F68F00BC7E7A /* StyleSphereTests.swift */ = {isa = PBXFileReference; lastKnownFileType = sourcecode.swift; path = StyleSphereTests.swift; sourceTree = "<group>"; };
/* End PBXFileReference section */

/* Begin PBXFrameworksBuildPhase section */
		26543B672B76F68E00BC7E7A /* Frameworks */ = {
			isa = PBXFrameworksBuildPhase;
			buildActionMask = 2147483647;
			files = (
				26543B702B76F68E00BC7E7A /* RealityKitContent in Frameworks */,
			);
			runOnlyForDeploymentPostprocessing = 0;
		};
		26543B7E2B76F68F00BC7E7A /* Frameworks */ = {
			isa = PBXFrameworksBuildPhase;
			buildActionMask = 2147483647;
			files = (
			);
			runOnlyForDeploymentPostprocessing = 0;
		};
/* End PBXFrameworksBuildPhase section */

/* Begin PBXGroup section */
		26543B612B76F68E00BC7E7A = {
			isa = PBXGroup;
			children = (
				26543B6C2B76F68E00BC7E7A /* StyleSphere */,
				26543B6D2B76F68E00BC7E7A /* Packages */,
				26543B842B76F68F00BC7E7A /* StyleSphereTests */,
				26543B6B2B76F68E00BC7E7A /* Products */,
			);
			sourceTree = "<group>";
		};
		26543B6B2B76F68E00BC7E7A /* Products */ = {
			isa = PBXGroup;
			children = (
				26543B6A2B76F68E00BC7E7A /* StyleSphere.app */,
				26543B812B76F68F00BC7E7A /* StyleSphereTests.xctest */,
			);
			name = Products;
			sourceTree = "<group>";
		};
		26543B6C2B76F68E00BC7E7A /* StyleSphere */ = {
			isa = PBXGroup;
			children = (
				26543B712B76F68E00BC7E7A /* StyleSphereApp.swift */,
				26543B732B76F68E00BC7E7A /* ContentView.swift */,
				26543B752B76F68E00BC7E7A /* ImmersiveView.swift */,
				26543B772B76F68F00BC7E7A /* Assets.xcassets */,
				26543B7C2B76F68F00BC7E7A /* Info.plist */,
				26543B792B76F68F00BC7E7A /* Preview Content */,
			);
			path = StyleSphere;
			sourceTree = "<group>";
		};
		26543B6D2B76F68E00BC7E7A /* Packages */ = {
			isa = PBXGroup;
			children = (
				26543B6E2B76F68E00BC7E7A /* RealityKitContent */,
			);
			path = Packages;
			sourceTree = "<group>";
		};
		26543B792B76F68F00BC7E7A /* Preview Content */ = {
			isa = PBXGroup;
			children = (
				26543B7A2B76F68F00BC7E7A /* Preview Assets.xcassets */,
			);
			path = "Preview Content";
			sourceTree = "<group>";
		};
		26543B842B76F68F00BC7E7A /* StyleSphereTests */ = {
			isa = PBXGroup;
			children = (
				26543B852B76F68F00BC7E7A /* StyleSphereTests.swift */,
			);
			path = StyleSphereTests;
			sourceTree = "<group>";
		};
/* End PBXGroup section */

/* Begin PBXNativeTarget section */
		26543B692B76F68E00BC7E7A /* StyleSphere */ = {
			isa = PBXNativeTarget;
			buildConfigurationList = 26543B892B76F68F00BC7E7A /* Build configuration list for PBXNativeTarget "StyleSphere" */;
			buildPhases = (
				26543B662B76F68E00BC7E7A /* Sources */,
				26543B672B76F68E00BC7E7A /* Frameworks */,
				26543B682B76F68E00BC7E7A /* Resources */,
			);
			buildRules = (
			);
			dependencies = (
			);
			name = StyleSphere;
			packageProductDependencies = (
				26543B6F2B76F68E00BC7E7A /* RealityKitContent */,
			);
			productName = StyleSphere;
			productReference = 26543B6A2B76F68E00BC7E7A /* StyleSphere.app */;
			productType = "com.apple.product-type.application";
		};
		26543B802B76F68F00BC7E7A /* StyleSphereTests */ = {
			isa = PBXNativeTarget;
			buildConfigurationList = 26543B8C2B76F68F00BC7E7A /* Build configuration list for PBXNativeTarget "StyleSphereTests" */;
			buildPhases = (
				26543B7D2B76F68F00BC7E7A /* Sources */,
				26543B7E2B76F68F00BC7E7A /* Frameworks */,
				26543B7F2B76F68F00BC7E7A /* Resources */,
			);
			buildRules = (
			);
			dependencies = (
				26543B832B76F68F00BC7E7A /* PBXTargetDependency */,
			);
			name = StyleSphereTests;
			productName = StyleSphereTests;
			productReference = 26543B812B76F68F00BC7E7A /* StyleSphereTests.xctest */;
			productType = "com.apple.product-type.bundle.unit-test";
		};
/* End PBXNativeTarget section */

/* Begin PBXProject section */
		26543B622B76F68E00BC7E7A /* Project object */ = {
			isa = PBXProject;
			attributes = {
				BuildIndependentTargetsInParallel = 1;
				LastSwiftUpdateCheck = 1520;
				LastUpgradeCheck = 1520;
				TargetAttributes = {
					26543B692B76F68E00BC7E7A = {
						CreatedOnToolsVersion = 15.2;
					};
					26543B802B76F68F00BC7E7A = {
						CreatedOnToolsVersion = 15.2;
						TestTargetID = 26543B692B76F68E00BC7E7A;
					};
				};
			};
			buildConfigurationList = 26543B652B76F68E00BC7E7A /* Build configuration list for PBXProject "StyleSphere" */;
			compatibilityVersion = "Xcode 14.0";
			developmentRegion = en;
			hasScannedForEncodings = 0;
			knownRegions = (
				en,
				Base,
			);
			mainGroup = 26543B612B76F68E00BC7E7A;
			productRefGroup = 26543B6B2B76F68E00BC7E7A /* Products */;
			projectDirPath = "";
			projectRoot = "";
			targets = (
				26543B692B76F68E00BC7E7A /* StyleSphere */,
				26543B802B76F68F00BC7E7A /* StyleSphereTests */,
			);
		};
/* End PBXProject section */

/* Begin PBXResourcesBuildPhase section */
		26543B682B76F68E00BC7E7A /* Resources */ = {
			isa = PBXResourcesBuildPhase;
			buildActionMask = 2147483647;
			files = (
				26543B7B2B76F68F00BC7E7A /* Preview Assets.xcassets in Resources */,
				26543B782B76F68F00BC7E7A /* Assets.xcassets in Resources */,
			);
			runOnlyForDeploymentPostprocessing = 0;
		};
		26543B7F2B76F68F00BC7E7A /* Resources */ = {
			isa = PBXResourcesBuildPhase;
			buildActionMask = 2147483647;
			files = (
			);
			runOnlyForDeploymentPostprocessing = 0;
		};
/* End PBXResourcesBuildPhase section */

/* Begin PBXSourcesBuildPhase section */
		26543B662B76F68E00BC7E7A /* Sources */ = {
			isa = PBXSourcesBuildPhase;
			buildActionMask = 2147483647;
			files = (
				26543B742B76F68E00BC7E7A /* ContentView.swift in Sources */,
				26543B722B76F68E00BC7E7A /* StyleSphereApp.swift in Sources */,
				26543B762B76F68E00BC7E7A /* ImmersiveView.swift in Sources */,
			);
			runOnlyForDeploymentPostprocessing = 0;
		};
		26543B7D2B76F68F00BC7E7A /* Sources */ = {
			isa = PBXSourcesBuildPhase;
			buildActionMask = 2147483647;
			files = (
				26543B862B76F68F00BC7E7A /* StyleSphereTests.swift in Sources */,
			);
			runOnlyForDeploymentPostprocessing = 0;
		};
/* End PBXSourcesBuildPhase section */

/* Begin PBXTargetDependency section */
		26543B832B76F68F00BC7E7A /* PBXTargetDependency */ = {
			isa = PBXTargetDependency;
			target = 26543B692B76F68E00BC7E7A /* StyleSphere */;
			targetProxy = 26543B822B76F68F00BC7E7A /* PBXContainerItemProxy */;
		};
/* End PBXTargetDependency section */

/* Begin XCBuildConfiguration section */
		26543B872B76F68F00BC7E7A /* Debug */ = {
			isa = XCBuildConfiguration;
			buildSettings = {
				ALWAYS_SEARCH_USER_PATHS = NO;
				ASSETCATALOG_COMPILER_GENERATE_SWIFT_ASSET_SYMBOL_EXTENSIONS = YES;
				CLANG_ANALYZER_NONNULL = YES;
				CLANG_ANALYZER_NUMBER_OBJECT_CONVERSION = YES_AGGRESSIVE;
				CLANG_CXX_LANGUAGE_STANDARD = "gnu++20";
				CLANG_ENABLE_MODULES = YES;
				CLANG_ENABLE_OBJC_ARC = YES;
				CLANG_ENABLE_OBJC_WEAK = YES;
				CLANG_WARN_BLOCK_CAPTURE_AUTORELEASING = YES;
				CLANG_WARN_BOOL_CONVERSION = YES;
				CLANG_WARN_COMMA = YES;
				CLANG_WARN_CONSTANT_CONVERSION = YES;
				CLANG_WARN_DEPRECATED_OBJC_IMPLEMENTATIONS = YES;
				CLANG_WARN_DIRECT_OBJC_ISA_USAGE = YES_ERROR;
				CLANG_WARN_DOCUMENTATION_COMMENTS = YES;
				CLANG_WARN_EMPTY_BODY = YES;
				CLANG_WARN_ENUM_CONVERSION = YES;
				CLANG_WARN_INFINITE_RECURSION = YES;
				CLANG_WARN_INT_CONVERSION = YES;
				CLANG_WARN_NON_LITERAL_NULL_CONVERSION = YES;
				CLANG_WARN_OBJC_IMPLICIT_RETAIN_SELF = YES;
				CLANG_WARN_OBJC_LITERAL_CONVERSION = YES;
				CLANG_WARN_OBJC_ROOT_CLASS = YES_ERROR;
				CLANG_WARN_QUOTED_INCLUDE_IN_FRAMEWORK_HEADER = YES;
				CLANG_WARN_RANGE_LOOP_ANALYSIS = YES;
				CLANG_WARN_STRICT_PROTOTYPES = YES;
				CLANG_WARN_SUSPICIOUS_MOVE = YES;
				CLANG_WARN_UNGUARDED_AVAILABILITY = YES_AGGRESSIVE;
				CLANG_WARN_UNREACHABLE_CODE = YES;
				CLANG_WARN__DUPLICATE_METHOD_MATCH = YES;
				COPY_PHASE_STRIP = NO;
				DEBUG_INFORMATION_FORMAT = dwarf;
				ENABLE_STRICT_OBJC_MSGSEND = YES;
				ENABLE_TESTABILITY = YES;
				ENABLE_USER_SCRIPT_SANDBOXING = YES;
				GCC_C_LANGUAGE_STANDARD = gnu17;
				GCC_DYNAMIC_NO_PIC = NO;
				GCC_NO_COMMON_BLOCKS = YES;
				GCC_OPTIMIZATION_LEVEL = 0;
				GCC_PREPROCESSOR_DEFINITIONS = (
					"DEBUG=1",
					"$(inherited)",
				);
				GCC_WARN_64_TO_32_BIT_CONVERSION = YES;
				GCC_WARN_ABOUT_RETURN_TYPE = YES_ERROR;
				GCC_WARN_UNDECLARED_SELECTOR = YES;
				GCC_WARN_UNINITIALIZED_AUTOS = YES_AGGRESSIVE;
				GCC_WARN_UNUSED_FUNCTION = YES;
				GCC_WARN_UNUSED_VARIABLE = YES;
				LOCALIZATION_PREFERS_STRING_CATALOGS = YES;
				MTL_ENABLE_DEBUG_INFO = INCLUDE_SOURCE;
				MTL_FAST_MATH = YES;
				ONLY_ACTIVE_ARCH = YES;
				SDKROOT = xros;
				SWIFT_ACTIVE_COMPILATION_CONDITIONS = "DEBUG $(inherited)";
				SWIFT_OPTIMIZATION_LEVEL = "-Onone";
				XROS_DEPLOYMENT_TARGET = 1.0;
			};
			name = Debug;
		};
		26543B882B76F68F00BC7E7A /* Release */ = {
			isa = XCBuildConfiguration;
			buildSettings = {
				ALWAYS_SEARCH_USER_PATHS = NO;
				ASSETCATALOG_COMPILER_GENERATE_SWIFT_ASSET_SYMBOL_EXTENSIONS = YES;
				CLANG_ANALYZER_NONNULL = YES;
				CLANG_ANALYZER_NUMBER_OBJECT_CONVERSION = YES_AGGRESSIVE;
				CLANG_CXX_LANGUAGE_STANDARD = "gnu++20";
				CLANG_ENABLE_MODULES = YES;
				CLANG_ENABLE_OBJC_ARC = YES;
				CLANG_ENABLE_OBJC_WEAK = YES;
				CLANG_WARN_BLOCK_CAPTURE_AUTORELEASING = YES;
				CLANG_WARN_BOOL_CONVERSION = YES;
				CLANG_WARN_COMMA = YES;
				CLANG_WARN_CONSTANT_CONVERSION = YES;
				CLANG_WARN_DEPRECATED_OBJC_IMPLEMENTATIONS = YES;
				CLANG_WARN_DIRECT_OBJC_ISA_USAGE = YES_ERROR;
				CLANG_WARN_DOCUMENTATION_COMMENTS = YES;
				CLANG_WARN_EMPTY_BODY = YES;
				CLANG_WARN_ENUM_CONVERSION = YES;
				CLANG_WARN_INFINITE_RECURSION = YES;
				CLANG_WARN_INT_CONVERSION = YES;
				CLANG_WARN_NON_LITERAL_NULL_CONVERSION = YES;
				CLANG_WARN_OBJC_IMPLICIT_RETAIN_SELF = YES;
				CLANG_WARN_OBJC_LITERAL_CONVERSION = YES;
				CLANG_WARN_OBJC_ROOT_CLASS = YES_ERROR;
				CLANG_WARN_QUOTED_INCLUDE_IN_FRAMEWORK_HEADER = YES;
				CLANG_WARN_RANGE_LOOP_ANALYSIS = YES;
				CLANG_WARN_STRICT_PROTOTYPES = YES;
				CLANG_WARN_SUSPICIOUS_MOVE = YES;
				CLANG_WARN_UNGUARDED_AVAILABILITY = YES_AGGRESSIVE;
				CLANG_WARN_UNREACHABLE_CODE = YES;
				CLANG_WARN__DUPLICATE_METHOD_MATCH = YES;
				COPY_PHASE_STRIP = NO;
				DEBUG_INFORMATION_FORMAT = "dwarf-with-dsym";
				ENABLE_NS_ASSERTIONS = NO;
				ENABLE_STRICT_OBJC_MSGSEND = YES;
				ENABLE_USER_SCRIPT_SANDBOXING = YES;
				GCC_C_LANGUAGE_STANDARD = gnu17;
				GCC_NO_COMMON_BLOCKS = YES;
				GCC_WARN_64_TO_32_BIT_CONVERSION = YES;
				GCC_WARN_ABOUT_RETURN_TYPE = YES_ERROR;
				GCC_WARN_UNDECLARED_SELECTOR = YES;
				GCC_WARN_UNINITIALIZED_AUTOS = YES_AGGRESSIVE;
				GCC_WARN_UNUSED_FUNCTION = YES;
				GCC_WARN_UNUSED_VARIABLE = YES;
				LOCALIZATION_PREFERS_STRING_CATALOGS = YES;
				MTL_ENABLE_DEBUG_INFO = NO;
				MTL_FAST_MATH = YES;
				SDKROOT = xros;
				SWIFT_COMPILATION_MODE = wholemodule;
				VALIDATE_PRODUCT = YES;
				XROS_DEPLOYMENT_TARGET = 1.0;
			};
			name = Release;
		};
		26543B8A2B76F68F00BC7E7A /* Debug */ = {
			isa = XCBuildConfiguration;
			buildSettings = {
				ASSETCATALOG_COMPILER_APPICON_NAME = AppIcon;
				ASSETCATALOG_COMPILER_GLOBAL_ACCENT_COLOR_NAME = AccentColor;
				CODE_SIGN_STYLE = Automatic;
				CURRENT_PROJECT_VERSION = 1;
				DEVELOPMENT_ASSET_PATHS = "\"StyleSphere/Preview Content\"";
				DEVELOPMENT_TEAM = P92GSKWU9W;
				ENABLE_PREVIEWS = YES;
				GENERATE_INFOPLIST_FILE = YES;
				INFOPLIST_FILE = "$(TARGET_NAME)/Info.plist";
				LD_RUNPATH_SEARCH_PATHS = (
					"$(inherited)",
					"@executable_path/Frameworks",
				);
				MARKETING_VERSION = 1.0;
				PRODUCT_BUNDLE_IDENTIFIER = Sarah.StyleSphere;
				PRODUCT_NAME = "$(TARGET_NAME)";
				SUPPORTED_PLATFORMS = "xros xrsimulator";
				SWIFT_EMIT_LOC_STRINGS = YES;
				SWIFT_VERSION = 5.0;
				TARGETED_DEVICE_FAMILY = "1,2,7";
			};
			name = Debug;
		};
		26543B8B2B76F68F00BC7E7A /* Release */ = {
			isa = XCBuildConfiguration;
			buildSettings = {
				ASSETCATALOG_COMPILER_APPICON_NAME = AppIcon;
				ASSETCATALOG_COMPILER_GLOBAL_ACCENT_COLOR_NAME = AccentColor;
				CODE_SIGN_STYLE = Automatic;
				CURRENT_PROJECT_VERSION = 1;
				DEVELOPMENT_ASSET_PATHS = "\"StyleSphere/Preview Content\"";
				DEVELOPMENT_TEAM = P92GSKWU9W;
				ENABLE_PREVIEWS = YES;
				GENERATE_INFOPLIST_FILE = YES;
				INFOPLIST_FILE = "$(TARGET_NAME)/Info.plist";
				LD_RUNPATH_SEARCH_PATHS = (
					"$(inherited)",
					"@executable_path/Frameworks",
				);
				MARKETING_VERSION = 1.0;
				PRODUCT_BUNDLE_IDENTIFIER = Sarah.StyleSphere;
				PRODUCT_NAME = "$(TARGET_NAME)";
				SUPPORTED_PLATFORMS = "xros xrsimulator";
				SWIFT_EMIT_LOC_STRINGS = YES;
				SWIFT_VERSION = 5.0;
				TARGETED_DEVICE_FAMILY = "1,2,7";
			};
			name = Release;
		};
		26543B8D2B76F68F00BC7E7A /* Debug */ = {
			isa = XCBuildConfiguration;
			buildSettings = {
				ALWAYS_EMBED_SWIFT_STANDARD_LIBRARIES = YES;
				BUNDLE_LOADER = "$(TEST_HOST)";
				CODE_SIGN_STYLE = Automatic;
				CURRENT_PROJECT_VERSION = 1;
				DEVELOPMENT_TEAM = P92GSKWU9W;
				GENERATE_INFOPLIST_FILE = YES;
				MARKETING_VERSION = 1.0;
				PRODUCT_BUNDLE_IDENTIFIER = Sarah.StyleSphereTests;
				PRODUCT_NAME = "$(TARGET_NAME)";
				SUPPORTED_PLATFORMS = "xros xrsimulator";
				SWIFT_EMIT_LOC_STRINGS = NO;
				SWIFT_VERSION = 5.0;
				TARGETED_DEVICE_FAMILY = "1,2,7";
				TEST_HOST = "$(BUILT_PRODUCTS_DIR)/StyleSphere.app/$(BUNDLE_EXECUTABLE_FOLDER_PATH)/StyleSphere";
				XROS_DEPLOYMENT_TARGET = 1.0;
			};
			name = Debug;
		};
		26543B8E2B76F68F00BC7E7A /* Release */ = {
			isa = XCBuildConfiguration;
			buildSettings = {
				ALWAYS_EMBED_SWIFT_STANDARD_LIBRARIES = YES;
				BUNDLE_LOADER = "$(TEST_HOST)";
				CODE_SIGN_STYLE = Automatic;
				CURRENT_PROJECT_VERSION = 1;
				DEVELOPMENT_TEAM = P92GSKWU9W;
				GENERATE_INFOPLIST_FILE = YES;
				MARKETING_VERSION = 1.0;
				PRODUCT_BUNDLE_IDENTIFIER = Sarah.StyleSphereTests;
				PRODUCT_NAME = "$(TARGET_NAME)";
				SUPPORTED_PLATFORMS = "xros xrsimulator";
				SWIFT_EMIT_LOC_STRINGS = NO;
				SWIFT_VERSION = 5.0;
				TARGETED_DEVICE_FAMILY = "1,2,7";
				TEST_HOST = "$(BUILT_PRODUCTS_DIR)/StyleSphere.app/$(BUNDLE_EXECUTABLE_FOLDER_PATH)/StyleSphere";
				XROS_DEPLOYMENT_TARGET = 1.0;
			};
			name = Release;
		};
/* End XCBuildConfiguration section */

/* Begin XCConfigurationList section */
		26543B652B76F68E00BC7E7A /* Build configuration list for PBXProject "StyleSphere" */ = {
			isa = XCConfigurationList;
			buildConfigurations = (
				26543B872B76F68F00BC7E7A /* Debug */,
				26543B882B76F68F00BC7E7A /* Release */,
			);
			defaultConfigurationIsVisible = 0;
			defaultConfigurationName = Release;
		};
		26543B892B76F68F00BC7E7A /* Build configuration list for PBXNativeTarget "StyleSphere" */ = {
			isa = XCConfigurationList;
			buildConfigurations = (
				26543B8A2B76F68F00BC7E7A /* Debug */,
				26543B8B2B76F68F00BC7E7A /* Release */,
			);
			defaultConfigurationIsVisible = 0;
			defaultConfigurationName = Release;
		};
		26543B8C2B76F68F00BC7E7A /* Build configuration list for PBXNativeTarget "StyleSphereTests" */ = {
			isa = XCConfigurationList;
			buildConfigurations = (
				26543B8D2B76F68F00BC7E7A /* Debug */,
				26543B8E2B76F68F00BC7E7A /* Release */,
			);
			defaultConfigurationIsVisible = 0;
			defaultConfigurationName = Release;
		};
/* End XCConfigurationList section */

/* Begin XCSwiftPackageProductDependency section */
		26543B6F2B76F68E00BC7E7A /* RealityKitContent */ = {
			isa = XCSwiftPackageProductDependency;
			productName = RealityKitContent;
		};
/* End XCSwiftPackageProductDependency section */
	};
	rootObject = 26543B622B76F68E00BC7E7A /* Project object */;
}
